
Microsoft Visual Studio Solution File, Format Version 12.00
# Visual Studio 15
VisualStudioVersion = 15.0.27703.2000
MinimumVisualStudioVersion = 10.0.40219.1
Project("{F184B08F-C81C-45F6-A57F-5ABD9991F28F}") = "Problem 86", "Problem 86\Problem 86.vbproj", "{0EE60D28-FD99-4AD7-BFB5-45FB7C1CD220}"
EndProject
Global
	GlobalSection(SolutionConfigurationPlatforms) = preSolution
		Debug|Any CPU = Debug|Any CPU
		Release|Any CPU = Release|Any CPU
	EndGlobalSection
	GlobalSection(ProjectConfigurationPlatforms) = postSolution
		{0EE60D28-FD99-4AD7-BFB5-45FB7C1CD220}.Debug|Any CPU.ActiveCfg = Debug|Any CPU
		{0EE60D28-FD99-4AD7-BFB5-45FB7C1CD220}.Debug|Any CPU.Build.0 = Debug|Any CPU
		{0EE60D28-FD99-4AD7-BFB5-45FB7C1CD220}.Release|Any CPU.ActiveCfg = Release|Any CPU
		{0EE60D28-FD99-4AD7-BFB5-45FB7C1CD220}.Release|Any CPU.Build.0 = Release|Any CPU
	EndGlobalSection
	GlobalSection(SolutionProperties) = preSolution
		HideSolutionNode = FALSE
	EndGlobalSection
	GlobalSection(ExtensibilityGlobals) = postSolution
		SolutionGuid = {7CA4C481-5613-438F-ADF5-1CE52FDBFD36}
	EndGlobalSection
EndGlobal
