
Microsoft Visual Studio Solution File, Format Version 12.00
# Visual Studio 15
VisualStudioVersion = 15.0.27703.2000
MinimumVisualStudioVersion = 10.0.40219.1
Project("{F184B08F-C81C-45F6-A57F-5ABD9991F28F}") = "Problem 94", "Problem 94\Problem 94.vbproj", "{FBD2714B-82CF-435D-A1F3-CCA398D1AF1B}"
EndProject
Global
	GlobalSection(SolutionConfigurationPlatforms) = preSolution
		Debug|Any CPU = Debug|Any CPU
		Release|Any CPU = Release|Any CPU
	EndGlobalSection
	GlobalSection(ProjectConfigurationPlatforms) = postSolution
		{FBD2714B-82CF-435D-A1F3-CCA398D1AF1B}.Debug|Any CPU.ActiveCfg = Debug|Any CPU
		{FBD2714B-82CF-435D-A1F3-CCA398D1AF1B}.Debug|Any CPU.Build.0 = Debug|Any CPU
		{FBD2714B-82CF-435D-A1F3-CCA398D1AF1B}.Release|Any CPU.ActiveCfg = Release|Any CPU
		{FBD2714B-82CF-435D-A1F3-CCA398D1AF1B}.Release|Any CPU.Build.0 = Release|Any CPU
	EndGlobalSection
	GlobalSection(SolutionProperties) = preSolution
		HideSolutionNode = FALSE
	EndGlobalSection
	GlobalSection(ExtensibilityGlobals) = postSolution
		SolutionGuid = {5D47FC5B-D21B-4BD6-8FBC-CA1E43E41EEE}
	EndGlobalSection
EndGlobal
