
Microsoft Visual Studio Solution File, Format Version 12.00
# Visual Studio 15
VisualStudioVersion = 15.0.27703.2000
MinimumVisualStudioVersion = 10.0.40219.1
Project("{F184B08F-C81C-45F6-A57F-5ABD9991F28F}") = "Problem 31", "Problem 31\Problem 31.vbproj", "{9B0B93AD-5335-43B3-BDCE-0E10B7B8895F}"
EndProject
Global
	GlobalSection(SolutionConfigurationPlatforms) = preSolution
		Debug|Any CPU = Debug|Any CPU
		Release|Any CPU = Release|Any CPU
	EndGlobalSection
	GlobalSection(ProjectConfigurationPlatforms) = postSolution
		{9B0B93AD-5335-43B3-BDCE-0E10B7B8895F}.Debug|Any CPU.ActiveCfg = Debug|Any CPU
		{9B0B93AD-5335-43B3-BDCE-0E10B7B8895F}.Debug|Any CPU.Build.0 = Debug|Any CPU
		{9B0B93AD-5335-43B3-BDCE-0E10B7B8895F}.Release|Any CPU.ActiveCfg = Release|Any CPU
		{9B0B93AD-5335-43B3-BDCE-0E10B7B8895F}.Release|Any CPU.Build.0 = Release|Any CPU
	EndGlobalSection
	GlobalSection(SolutionProperties) = preSolution
		HideSolutionNode = FALSE
	EndGlobalSection
	GlobalSection(ExtensibilityGlobals) = postSolution
		SolutionGuid = {661275B6-5647-46F4-94B3-8FFC0349AA90}
	EndGlobalSection
EndGlobal
