
Microsoft Visual Studio Solution File, Format Version 12.00
# Visual Studio 15
VisualStudioVersion = 15.0.27703.2000
MinimumVisualStudioVersion = 10.0.40219.1
Project("{F184B08F-C81C-45F6-A57F-5ABD9991F28F}") = "Problem 98", "Problem 98\Problem 98.vbproj", "{E4C909A5-0CEF-4A3F-9E9C-DC4A28E349E8}"
EndProject
Global
	GlobalSection(SolutionConfigurationPlatforms) = preSolution
		Debug|Any CPU = Debug|Any CPU
		Release|Any CPU = Release|Any CPU
	EndGlobalSection
	GlobalSection(ProjectConfigurationPlatforms) = postSolution
		{E4C909A5-0CEF-4A3F-9E9C-DC4A28E349E8}.Debug|Any CPU.ActiveCfg = Debug|Any CPU
		{E4C909A5-0CEF-4A3F-9E9C-DC4A28E349E8}.Debug|Any CPU.Build.0 = Debug|Any CPU
		{E4C909A5-0CEF-4A3F-9E9C-DC4A28E349E8}.Release|Any CPU.ActiveCfg = Release|Any CPU
		{E4C909A5-0CEF-4A3F-9E9C-DC4A28E349E8}.Release|Any CPU.Build.0 = Release|Any CPU
	EndGlobalSection
	GlobalSection(SolutionProperties) = preSolution
		HideSolutionNode = FALSE
	EndGlobalSection
	GlobalSection(ExtensibilityGlobals) = postSolution
		SolutionGuid = {EEEB3985-11F2-4A93-81D3-91D9F97378EB}
	EndGlobalSection
EndGlobal
