
Microsoft Visual Studio Solution File, Format Version 12.00
# Visual Studio 15
VisualStudioVersion = 15.0.28010.2046
MinimumVisualStudioVersion = 10.0.40219.1
Project("{F184B08F-C81C-45F6-A57F-5ABD9991F28F}") = "Problem 107", "Problem 107\Problem 107.vbproj", "{371F9BB9-5B68-4310-9BCC-86BB8D44C243}"
EndProject
Global
	GlobalSection(SolutionConfigurationPlatforms) = preSolution
		Debug|Any CPU = Debug|Any CPU
		Release|Any CPU = Release|Any CPU
	EndGlobalSection
	GlobalSection(ProjectConfigurationPlatforms) = postSolution
		{371F9BB9-5B68-4310-9BCC-86BB8D44C243}.Debug|Any CPU.ActiveCfg = Debug|Any CPU
		{371F9BB9-5B68-4310-9BCC-86BB8D44C243}.Debug|Any CPU.Build.0 = Debug|Any CPU
		{371F9BB9-5B68-4310-9BCC-86BB8D44C243}.Release|Any CPU.ActiveCfg = Release|Any CPU
		{371F9BB9-5B68-4310-9BCC-86BB8D44C243}.Release|Any CPU.Build.0 = Release|Any CPU
	EndGlobalSection
	GlobalSection(SolutionProperties) = preSolution
		HideSolutionNode = FALSE
	EndGlobalSection
	GlobalSection(ExtensibilityGlobals) = postSolution
		SolutionGuid = {A0E6298F-4F12-4763-8514-C59830574902}
	EndGlobalSection
EndGlobal
