
Microsoft Visual Studio Solution File, Format Version 12.00
# Visual Studio 15
VisualStudioVersion = 15.0.27703.2000
MinimumVisualStudioVersion = 10.0.40219.1
Project("{F184B08F-C81C-45F6-A57F-5ABD9991F28F}") = "Problem 61", "Problem 61\Problem 61.vbproj", "{56578864-7F76-4B54-A708-DE0D30419499}"
EndProject
Global
	GlobalSection(SolutionConfigurationPlatforms) = preSolution
		Debug|Any CPU = Debug|Any CPU
		Release|Any CPU = Release|Any CPU
	EndGlobalSection
	GlobalSection(ProjectConfigurationPlatforms) = postSolution
		{56578864-7F76-4B54-A708-DE0D30419499}.Debug|Any CPU.ActiveCfg = Debug|Any CPU
		{56578864-7F76-4B54-A708-DE0D30419499}.Debug|Any CPU.Build.0 = Debug|Any CPU
		{56578864-7F76-4B54-A708-DE0D30419499}.Release|Any CPU.ActiveCfg = Release|Any CPU
		{56578864-7F76-4B54-A708-DE0D30419499}.Release|Any CPU.Build.0 = Release|Any CPU
	EndGlobalSection
	GlobalSection(SolutionProperties) = preSolution
		HideSolutionNode = FALSE
	EndGlobalSection
	GlobalSection(ExtensibilityGlobals) = postSolution
		SolutionGuid = {7D3959EF-F52D-4DFD-9D36-EC8A263EC9A9}
	EndGlobalSection
EndGlobal
