
Microsoft Visual Studio Solution File, Format Version 12.00
# Visual Studio 15
VisualStudioVersion = 15.0.27703.2000
MinimumVisualStudioVersion = 10.0.40219.1
Project("{F184B08F-C81C-45F6-A57F-5ABD9991F28F}") = "Problem 47", "Problem 47\Problem 47.vbproj", "{EC923908-8C90-45E9-A171-7B50FC14F8EE}"
EndProject
Global
	GlobalSection(SolutionConfigurationPlatforms) = preSolution
		Debug|Any CPU = Debug|Any CPU
		Release|Any CPU = Release|Any CPU
	EndGlobalSection
	GlobalSection(ProjectConfigurationPlatforms) = postSolution
		{EC923908-8C90-45E9-A171-7B50FC14F8EE}.Debug|Any CPU.ActiveCfg = Debug|Any CPU
		{EC923908-8C90-45E9-A171-7B50FC14F8EE}.Debug|Any CPU.Build.0 = Debug|Any CPU
		{EC923908-8C90-45E9-A171-7B50FC14F8EE}.Release|Any CPU.ActiveCfg = Release|Any CPU
		{EC923908-8C90-45E9-A171-7B50FC14F8EE}.Release|Any CPU.Build.0 = Release|Any CPU
	EndGlobalSection
	GlobalSection(SolutionProperties) = preSolution
		HideSolutionNode = FALSE
	EndGlobalSection
	GlobalSection(ExtensibilityGlobals) = postSolution
		SolutionGuid = {664CCE75-3A27-4692-884C-82236E917BC6}
	EndGlobalSection
EndGlobal
