
Microsoft Visual Studio Solution File, Format Version 12.00
# Visual Studio 15
VisualStudioVersion = 15.0.27703.2000
MinimumVisualStudioVersion = 10.0.40219.1
Project("{F184B08F-C81C-45F6-A57F-5ABD9991F28F}") = "Problem 20", "Problem 20\Problem 20.vbproj", "{AFDD15EE-8D9E-45D5-A8AF-728A51A7979A}"
EndProject
Global
	GlobalSection(SolutionConfigurationPlatforms) = preSolution
		Debug|Any CPU = Debug|Any CPU
		Release|Any CPU = Release|Any CPU
	EndGlobalSection
	GlobalSection(ProjectConfigurationPlatforms) = postSolution
		{AFDD15EE-8D9E-45D5-A8AF-728A51A7979A}.Debug|Any CPU.ActiveCfg = Debug|Any CPU
		{AFDD15EE-8D9E-45D5-A8AF-728A51A7979A}.Debug|Any CPU.Build.0 = Debug|Any CPU
		{AFDD15EE-8D9E-45D5-A8AF-728A51A7979A}.Release|Any CPU.ActiveCfg = Release|Any CPU
		{AFDD15EE-8D9E-45D5-A8AF-728A51A7979A}.Release|Any CPU.Build.0 = Release|Any CPU
	EndGlobalSection
	GlobalSection(SolutionProperties) = preSolution
		HideSolutionNode = FALSE
	EndGlobalSection
	GlobalSection(ExtensibilityGlobals) = postSolution
		SolutionGuid = {5C45C4B9-1F1A-4DF5-B148-81D4D207FD76}
	EndGlobalSection
EndGlobal
