
Microsoft Visual Studio Solution File, Format Version 12.00
# Visual Studio 15
VisualStudioVersion = 15.0.27703.2000
MinimumVisualStudioVersion = 10.0.40219.1
Project("{F184B08F-C81C-45F6-A57F-5ABD9991F28F}") = "Problem 39", "Problem 39\Problem 39.vbproj", "{DE81E7F6-B3AF-473E-A6FC-6686152D160D}"
EndProject
Global
	GlobalSection(SolutionConfigurationPlatforms) = preSolution
		Debug|Any CPU = Debug|Any CPU
		Release|Any CPU = Release|Any CPU
	EndGlobalSection
	GlobalSection(ProjectConfigurationPlatforms) = postSolution
		{DE81E7F6-B3AF-473E-A6FC-6686152D160D}.Debug|Any CPU.ActiveCfg = Debug|Any CPU
		{DE81E7F6-B3AF-473E-A6FC-6686152D160D}.Debug|Any CPU.Build.0 = Debug|Any CPU
		{DE81E7F6-B3AF-473E-A6FC-6686152D160D}.Release|Any CPU.ActiveCfg = Release|Any CPU
		{DE81E7F6-B3AF-473E-A6FC-6686152D160D}.Release|Any CPU.Build.0 = Release|Any CPU
	EndGlobalSection
	GlobalSection(SolutionProperties) = preSolution
		HideSolutionNode = FALSE
	EndGlobalSection
	GlobalSection(ExtensibilityGlobals) = postSolution
		SolutionGuid = {E7D077EF-B481-4DC1-AB4A-8833C38A47DB}
	EndGlobalSection
EndGlobal
