
Microsoft Visual Studio Solution File, Format Version 12.00
# Visual Studio 15
VisualStudioVersion = 15.0.27703.2000
MinimumVisualStudioVersion = 10.0.40219.1
Project("{F184B08F-C81C-45F6-A57F-5ABD9991F28F}") = "Problem 68", "Problem 68\Problem 68.vbproj", "{07A9188A-0189-4898-92EA-0551E2B5CA0D}"
EndProject
Global
	GlobalSection(SolutionConfigurationPlatforms) = preSolution
		Debug|Any CPU = Debug|Any CPU
		Release|Any CPU = Release|Any CPU
	EndGlobalSection
	GlobalSection(ProjectConfigurationPlatforms) = postSolution
		{07A9188A-0189-4898-92EA-0551E2B5CA0D}.Debug|Any CPU.ActiveCfg = Debug|Any CPU
		{07A9188A-0189-4898-92EA-0551E2B5CA0D}.Debug|Any CPU.Build.0 = Debug|Any CPU
		{07A9188A-0189-4898-92EA-0551E2B5CA0D}.Release|Any CPU.ActiveCfg = Release|Any CPU
		{07A9188A-0189-4898-92EA-0551E2B5CA0D}.Release|Any CPU.Build.0 = Release|Any CPU
	EndGlobalSection
	GlobalSection(SolutionProperties) = preSolution
		HideSolutionNode = FALSE
	EndGlobalSection
	GlobalSection(ExtensibilityGlobals) = postSolution
		SolutionGuid = {7CA953EB-D836-427E-B7F4-0AD9AB2EA225}
	EndGlobalSection
EndGlobal
