
Microsoft Visual Studio Solution File, Format Version 12.00
# Visual Studio 15
VisualStudioVersion = 15.0.27703.2000
MinimumVisualStudioVersion = 10.0.40219.1
Project("{F184B08F-C81C-45F6-A57F-5ABD9991F28F}") = "Problem 100", "Problem 100\Problem 100.vbproj", "{C627B6DD-630D-4738-8F61-790F97E1C282}"
EndProject
Global
	GlobalSection(SolutionConfigurationPlatforms) = preSolution
		Debug|Any CPU = Debug|Any CPU
		Release|Any CPU = Release|Any CPU
	EndGlobalSection
	GlobalSection(ProjectConfigurationPlatforms) = postSolution
		{C627B6DD-630D-4738-8F61-790F97E1C282}.Debug|Any CPU.ActiveCfg = Debug|Any CPU
		{C627B6DD-630D-4738-8F61-790F97E1C282}.Debug|Any CPU.Build.0 = Debug|Any CPU
		{C627B6DD-630D-4738-8F61-790F97E1C282}.Release|Any CPU.ActiveCfg = Release|Any CPU
		{C627B6DD-630D-4738-8F61-790F97E1C282}.Release|Any CPU.Build.0 = Release|Any CPU
	EndGlobalSection
	GlobalSection(SolutionProperties) = preSolution
		HideSolutionNode = FALSE
	EndGlobalSection
	GlobalSection(ExtensibilityGlobals) = postSolution
		SolutionGuid = {CF743881-38DE-471A-AF35-8B755C442458}
	EndGlobalSection
EndGlobal
