
Microsoft Visual Studio Solution File, Format Version 12.00
# Visual Studio 15
VisualStudioVersion = 15.0.27703.2000
MinimumVisualStudioVersion = 10.0.40219.1
Project("{F184B08F-C81C-45F6-A57F-5ABD9991F28F}") = "Problem 55", "Problem 55\Problem 55.vbproj", "{46541F63-BF9D-4FD2-8C1B-552A13745AEE}"
EndProject
Global
	GlobalSection(SolutionConfigurationPlatforms) = preSolution
		Debug|Any CPU = Debug|Any CPU
		Release|Any CPU = Release|Any CPU
	EndGlobalSection
	GlobalSection(ProjectConfigurationPlatforms) = postSolution
		{46541F63-BF9D-4FD2-8C1B-552A13745AEE}.Debug|Any CPU.ActiveCfg = Debug|Any CPU
		{46541F63-BF9D-4FD2-8C1B-552A13745AEE}.Debug|Any CPU.Build.0 = Debug|Any CPU
		{46541F63-BF9D-4FD2-8C1B-552A13745AEE}.Release|Any CPU.ActiveCfg = Release|Any CPU
		{46541F63-BF9D-4FD2-8C1B-552A13745AEE}.Release|Any CPU.Build.0 = Release|Any CPU
	EndGlobalSection
	GlobalSection(SolutionProperties) = preSolution
		HideSolutionNode = FALSE
	EndGlobalSection
	GlobalSection(ExtensibilityGlobals) = postSolution
		SolutionGuid = {BD59279B-843D-4BD6-8D1C-D39B108AE390}
	EndGlobalSection
EndGlobal
