
Microsoft Visual Studio Solution File, Format Version 12.00
# Visual Studio 15
VisualStudioVersion = 15.0.27703.2000
MinimumVisualStudioVersion = 10.0.40219.1
Project("{F184B08F-C81C-45F6-A57F-5ABD9991F28F}") = "Problem 52", "Problem 52\Problem 52.vbproj", "{AAE1D786-B687-4EC5-A86B-84579817D14F}"
EndProject
Global
	GlobalSection(SolutionConfigurationPlatforms) = preSolution
		Debug|Any CPU = Debug|Any CPU
		Release|Any CPU = Release|Any CPU
	EndGlobalSection
	GlobalSection(ProjectConfigurationPlatforms) = postSolution
		{AAE1D786-B687-4EC5-A86B-84579817D14F}.Debug|Any CPU.ActiveCfg = Debug|Any CPU
		{AAE1D786-B687-4EC5-A86B-84579817D14F}.Debug|Any CPU.Build.0 = Debug|Any CPU
		{AAE1D786-B687-4EC5-A86B-84579817D14F}.Release|Any CPU.ActiveCfg = Release|Any CPU
		{AAE1D786-B687-4EC5-A86B-84579817D14F}.Release|Any CPU.Build.0 = Release|Any CPU
	EndGlobalSection
	GlobalSection(SolutionProperties) = preSolution
		HideSolutionNode = FALSE
	EndGlobalSection
	GlobalSection(ExtensibilityGlobals) = postSolution
		SolutionGuid = {308098EA-8730-413A-9F31-07EB361C0811}
	EndGlobalSection
EndGlobal
